<?xml version="1.0" encoding="utf-8"?>
<Project ToolsVersion="4.0" xmlns="http://schemas.microsoft.com/developer/msbuild/2003">
  <ItemGroup>
    <Filter Include="Source Files">
      <UniqueIdentifier>{4FC737F1-C7A5-4376-A066-2A32D752A2FF}</UniqueIdentifier>
      <Extensions>cpp;c;cc;cxx;def;odl;idl;hpj;bat;asm;asmx</Extensions>
    </Filter>
    <Filter Include="Header Files">
      <UniqueIdentifier>{93995380-89BD-4b04-88EB-625FBE52EBFB}</UniqueIdentifier>
      <Extensions>h;hh;hpp;hxx;hm;inl;inc;ipp;xsd</Extensions>
    </Filter>
    <Filter Include="Resource Files">
      <UniqueIdentifier>{67DA6AB6-F800-4c08-8B7A-83BB121AAD01}</UniqueIdentifier>
      <Extensions>rc;ico;cur;bmp;dlg;rc2;rct;bin;rgs;gif;jpg;jpeg;jpe;resx;tiff;tif;png;wav;mfcribbon-ms</Extensions>
    </Filter>
  </ItemGroup>
  <ItemGroup>
    <ClCompile Include="DelDeadLetter.cpp">
      <Filter>Source Files</Filter>
    </ClCompile>
    <ClCompile Include="DiskBox.cpp">
      <Filter>Source Files</Filter>
    </ClCompile>
    <ClCompile Include="DlgView.cpp">
      <Filter>Source Files</Filter>
    </ClCompile>
    <ClCompile Include="Donate.cpp">
      <Filter>Source Files</Filter>
    </ClCompile>
    <ClCompile Include="enumDisk.cpp">
      <Filter>Source Files</Filter>
    </ClCompile>
    <ClCompile Include="Ext2Attribute.cpp">
      <Filter>Source Files</Filter>
    </ClCompile>
    <ClCompile Include="Ext2Mgr.cpp">
      <Filter>Source Files</Filter>
    </ClCompile>
    <ClCompile Include="Ext2MgrDlg.cpp">
      <Filter>Source Files</Filter>
    </ClCompile>
    <ClCompile Include="Ext2Pipe.cpp">
      <Filter>Source Files</Filter>
    </ClCompile>
    <ClCompile Include="HyperLink.cpp">
      <Filter>Source Files</Filter>
    </ClCompile>
    <ClCompile Include="MountPoints.cpp">
      <Filter>Source Files</Filter>
    </ClCompile>
    <ClCompile Include="PartBox.cpp">
      <Filter>Source Files</Filter>
    </ClCompile>
    <ClCompile Include="PartitionType.cpp">
      <Filter>Source Files</Filter>
    </ClCompile>
    <ClCompile Include="PerfStatDlg.cpp">
      <Filter>Source Files</Filter>
    </ClCompile>
    <ClCompile Include="Properties.cpp">
      <Filter>Source Files</Filter>
    </ClCompile>
    <ClCompile Include="SelectDrvLetter.cpp">
      <Filter>Source Files</Filter>
    </ClCompile>
    <ClCompile Include="ServiceManage.cpp">
      <Filter>Source Files</Filter>
    </ClCompile>
    <ClCompile Include="Splash.cpp">
      <Filter>Source Files</Filter>
    </ClCompile>
    <ClCompile Include="StdAfx.cpp">
      <Filter>Source Files</Filter>
    </ClCompile>
    <ClCompile Include="SysTray.cpp">
      <Filter>Source Files</Filter>
    </ClCompile>
    <ClCompile Include="toolbar.cpp">
      <Filter>Source Files</Filter>
    </ClCompile>
    <ClCompile Include="TreeList.cpp">
      <Filter>Source Files</Filter>
    </ClCompile>
  </ItemGroup>
  <ItemGroup>
    <ClInclude Include="DelDeadLetter.h">
      <Filter>Header Files</Filter>
    </ClInclude>
    <ClInclude Include="DiskBox.h">
      <Filter>Header Files</Filter>
    </ClInclude>
    <ClInclude Include="DlgView.h">
      <Filter>Header Files</Filter>
    </ClInclude>
    <ClInclude Include="Donate.h">
      <Filter>Header Files</Filter>
    </ClInclude>
    <ClInclude Include="enumDisk.h">
      <Filter>Header Files</Filter>
    </ClInclude>
    <ClInclude Include="Ext2Attribute.h">
      <Filter>Header Files</Filter>
    </ClInclude>
    <ClInclude Include="Ext2Mgr.h">
      <Filter>Header Files</Filter>
    </ClInclude>
    <ClInclude Include="Ext2MgrDlg.h">
      <Filter>Header Files</Filter>
    </ClInclude>
    <ClInclude Include="HyperLink.h">
      <Filter>Header Files</Filter>
    </ClInclude>
    <ClInclude Include="MountPoints.h">
      <Filter>Header Files</Filter>
    </ClInclude>
    <ClInclude Include="ntdll.h">
      <Filter>Header Files</Filter>
    </ClInclude>
    <ClInclude Include="PartBox.h">
      <Filter>Header Files</Filter>
    </ClInclude>
    <ClInclude Include="PartitionType.h">
      <Filter>Header Files</Filter>
    </ClInclude>
    <ClInclude Include="PerfStatDlg.h">
      <Filter>Header Files</Filter>
    </ClInclude>
    <ClInclude Include="Properties.h">
      <Filter>Header Files</Filter>
    </ClInclude>
    <ClInclude Include="resource.h">
      <Filter>Header Files</Filter>
    </ClInclude>
    <ClInclude Include="SelectDrvLetter.h">
      <Filter>Header Files</Filter>
    </ClInclude>
    <ClInclude Include="ServiceManage.h">
      <Filter>Header Files</Filter>
    </ClInclude>
    <ClInclude Include="Splash.h">
      <Filter>Header Files</Filter>
    </ClInclude>
    <ClInclude Include="StdAfx.h">
      <Filter>Header Files</Filter>
    </ClInclude>
    <ClInclude Include="SysTray.h">
      <Filter>Header Files</Filter>
    </ClInclude>
    <ClInclude Include="toolbar.h">
      <Filter>Header Files</Filter>
    </ClInclude>
    <ClInclude Include="TreeList.h">
      <Filter>Header Files</Filter>
    </ClInclude>
    <ClInclude Include="super.h">
      <Filter>Header Files</Filter>
    </ClInclude>
    <ClInclude Include="swap.h">
      <Filter>Header Files</Filter>
    </ClInclude>
  </ItemGroup>
  <ItemGroup>
    <ResourceCompile Include="Ext2Mgr.rc">
      <Filter>Resource Files</Filter>
    </ResourceCompile>
  </ItemGroup>
</Project>