
Microsoft Visual Studio Solution File, Format Version 12.00
# Visual Studio Version 17
VisualStudioVersion = 17.12.35527.113 d17.12
MinimumVisualStudioVersion = 10.0.40219.1
Project("{8BC9CEB8-8B4A-11D0-8D11-00A0C91BC942}") = "Ext2Mgr", "Ext2Mgr\Ext2Mgr.vcxproj", "{E1AF85D7-0179-4CF0-B0D1-21AE72B6DC2E}"
	ProjectSection(ProjectDependencies) = postProject
		{6A5A0B13-7E05-4CA9-9A2B-FADF76DBAC20} = {6A5A0B13-7E05-4CA9-9A2B-FADF76DBAC20}
	EndProjectSection
EndProject
Project("{8BC9CEB8-8B4A-11D0-8D11-00A0C91BC942}") = "Ext2Srv", "Ext2Srv\Ext2Srv.vcxproj", "{6A5A0B13-7E05-4CA9-9A2B-FADF76DBAC20}"
EndProject
Project("{8BC9CEB8-8B4A-11D0-8D11-00A0C91BC942}") = "Ext4Fsd", "Ext4Fsd\Ext4Fsd.vcxproj", "{E98007B5-02C6-4C8F-BB89-E0D530991559}"
EndProject
Global
	GlobalSection(SolutionConfigurationPlatforms) = preSolution
		Debug|ARM = Debug|ARM
		Debug|ARM64 = Debug|ARM64
		Debug|x64 = Debug|x64
		Debug|x86 = Debug|x86
		Release|ARM = Release|ARM
		Release|ARM64 = Release|ARM64
		Release|x64 = Release|x64
		Release|x86 = Release|x86
	EndGlobalSection
	GlobalSection(ProjectConfigurationPlatforms) = postSolution
		{E1AF85D7-0179-4CF0-B0D1-21AE72B6DC2E}.Debug|ARM.ActiveCfg = Debug|ARM
		{E1AF85D7-0179-4CF0-B0D1-21AE72B6DC2E}.Debug|ARM.Build.0 = Debug|ARM
		{E1AF85D7-0179-4CF0-B0D1-21AE72B6DC2E}.Debug|ARM64.ActiveCfg = Debug|ARM64
		{E1AF85D7-0179-4CF0-B0D1-21AE72B6DC2E}.Debug|ARM64.Build.0 = Debug|ARM64
		{E1AF85D7-0179-4CF0-B0D1-21AE72B6DC2E}.Debug|x64.ActiveCfg = Debug|x64
		{E1AF85D7-0179-4CF0-B0D1-21AE72B6DC2E}.Debug|x64.Build.0 = Debug|x64
		{E1AF85D7-0179-4CF0-B0D1-21AE72B6DC2E}.Debug|x86.ActiveCfg = Debug|Win32
		{E1AF85D7-0179-4CF0-B0D1-21AE72B6DC2E}.Debug|x86.Build.0 = Debug|Win32
		{E1AF85D7-0179-4CF0-B0D1-21AE72B6DC2E}.Release|ARM.ActiveCfg = Release|ARM
		{E1AF85D7-0179-4CF0-B0D1-21AE72B6DC2E}.Release|ARM.Build.0 = Release|ARM
		{E1AF85D7-0179-4CF0-B0D1-21AE72B6DC2E}.Release|ARM64.ActiveCfg = Release|ARM64
		{E1AF85D7-0179-4CF0-B0D1-21AE72B6DC2E}.Release|ARM64.Build.0 = Release|ARM64
		{E1AF85D7-0179-4CF0-B0D1-21AE72B6DC2E}.Release|x64.ActiveCfg = Release|x64
		{E1AF85D7-0179-4CF0-B0D1-21AE72B6DC2E}.Release|x64.Build.0 = Release|x64
		{E1AF85D7-0179-4CF0-B0D1-21AE72B6DC2E}.Release|x86.ActiveCfg = Release|Win32
		{E1AF85D7-0179-4CF0-B0D1-21AE72B6DC2E}.Release|x86.Build.0 = Release|Win32
		{6A5A0B13-7E05-4CA9-9A2B-FADF76DBAC20}.Debug|ARM.ActiveCfg = Debug|ARM
		{6A5A0B13-7E05-4CA9-9A2B-FADF76DBAC20}.Debug|ARM.Build.0 = Debug|ARM
		{6A5A0B13-7E05-4CA9-9A2B-FADF76DBAC20}.Debug|ARM64.ActiveCfg = Debug|ARM64
		{6A5A0B13-7E05-4CA9-9A2B-FADF76DBAC20}.Debug|ARM64.Build.0 = Debug|ARM64
		{6A5A0B13-7E05-4CA9-9A2B-FADF76DBAC20}.Debug|x64.ActiveCfg = Debug|x64
		{6A5A0B13-7E05-4CA9-9A2B-FADF76DBAC20}.Debug|x64.Build.0 = Debug|x64
		{6A5A0B13-7E05-4CA9-9A2B-FADF76DBAC20}.Debug|x86.ActiveCfg = Debug|Win32
		{6A5A0B13-7E05-4CA9-9A2B-FADF76DBAC20}.Debug|x86.Build.0 = Debug|Win32
		{6A5A0B13-7E05-4CA9-9A2B-FADF76DBAC20}.Release|ARM.ActiveCfg = Release|ARM
		{6A5A0B13-7E05-4CA9-9A2B-FADF76DBAC20}.Release|ARM.Build.0 = Release|ARM
		{6A5A0B13-7E05-4CA9-9A2B-FADF76DBAC20}.Release|ARM64.ActiveCfg = Release|ARM64
		{6A5A0B13-7E05-4CA9-9A2B-FADF76DBAC20}.Release|ARM64.Build.0 = Release|ARM64
		{6A5A0B13-7E05-4CA9-9A2B-FADF76DBAC20}.Release|x64.ActiveCfg = Release|x64
		{6A5A0B13-7E05-4CA9-9A2B-FADF76DBAC20}.Release|x64.Build.0 = Release|x64
		{6A5A0B13-7E05-4CA9-9A2B-FADF76DBAC20}.Release|x86.ActiveCfg = Release|Win32
		{6A5A0B13-7E05-4CA9-9A2B-FADF76DBAC20}.Release|x86.Build.0 = Release|Win32
		{E98007B5-02C6-4C8F-BB89-E0D530991559}.Debug|ARM.ActiveCfg = Debug|ARM
		{E98007B5-02C6-4C8F-BB89-E0D530991559}.Debug|ARM.Build.0 = Debug|ARM
		{E98007B5-02C6-4C8F-BB89-E0D530991559}.Debug|ARM.Deploy.0 = Debug|ARM
		{E98007B5-02C6-4C8F-BB89-E0D530991559}.Debug|ARM64.ActiveCfg = Debug|ARM64
		{E98007B5-02C6-4C8F-BB89-E0D530991559}.Debug|ARM64.Build.0 = Debug|ARM64
		{E98007B5-02C6-4C8F-BB89-E0D530991559}.Debug|ARM64.Deploy.0 = Debug|ARM64
		{E98007B5-02C6-4C8F-BB89-E0D530991559}.Debug|x64.ActiveCfg = Debug|x64
		{E98007B5-02C6-4C8F-BB89-E0D530991559}.Debug|x64.Build.0 = Debug|x64
		{E98007B5-02C6-4C8F-BB89-E0D530991559}.Debug|x64.Deploy.0 = Debug|x64
		{E98007B5-02C6-4C8F-BB89-E0D530991559}.Debug|x86.ActiveCfg = Debug|Win32
		{E98007B5-02C6-4C8F-BB89-E0D530991559}.Debug|x86.Build.0 = Debug|Win32
		{E98007B5-02C6-4C8F-BB89-E0D530991559}.Debug|x86.Deploy.0 = Debug|Win32
		{E98007B5-02C6-4C8F-BB89-E0D530991559}.Release|ARM.ActiveCfg = Release|ARM
		{E98007B5-02C6-4C8F-BB89-E0D530991559}.Release|ARM.Build.0 = Release|ARM
		{E98007B5-02C6-4C8F-BB89-E0D530991559}.Release|ARM.Deploy.0 = Release|ARM
		{E98007B5-02C6-4C8F-BB89-E0D530991559}.Release|ARM64.ActiveCfg = Release|ARM64
		{E98007B5-02C6-4C8F-BB89-E0D530991559}.Release|ARM64.Build.0 = Release|ARM64
		{E98007B5-02C6-4C8F-BB89-E0D530991559}.Release|ARM64.Deploy.0 = Release|ARM64
		{E98007B5-02C6-4C8F-BB89-E0D530991559}.Release|x64.ActiveCfg = Release|x64
		{E98007B5-02C6-4C8F-BB89-E0D530991559}.Release|x64.Build.0 = Release|x64
		{E98007B5-02C6-4C8F-BB89-E0D530991559}.Release|x64.Deploy.0 = Release|x64
		{E98007B5-02C6-4C8F-BB89-E0D530991559}.Release|x86.ActiveCfg = Release|Win32
		{E98007B5-02C6-4C8F-BB89-E0D530991559}.Release|x86.Build.0 = Release|Win32
		{E98007B5-02C6-4C8F-BB89-E0D530991559}.Release|x86.Deploy.0 = Release|Win32
	EndGlobalSection
	GlobalSection(SolutionProperties) = preSolution
		HideSolutionNode = FALSE
	EndGlobalSection
	GlobalSection(ExtensibilityGlobals) = postSolution
		SolutionGuid = {8457A620-F40D-45A4-8FE0-1174D4E299ED}
	EndGlobalSection
EndGlobal
